<?xml version="1.0" encoding="utf-8"?>
<Project ToolsVersion="4.0" xmlns="http://schemas.microsoft.com/developer/msbuild/2003">
  <ItemGroup>
    <ClCompile Include="src\ofApp.cpp">
      <Filter>src</Filter>
    </ClCompile>
    <ClCompile Include="src\main.cpp">
      <Filter>src</Filter>
    </ClCompile>
    <ClCompile Include="..\..\..\addons\ofxThreadedImageLoader\src\ofxThreadedImageLoader.cpp">
      <Filter>addons\ofxThreadedImageLoader\src</Filter>
    </ClCompile>
    <ClCompile Include="..\..\..\addons\ofxDomemaster\src\ofxDomemaster.cpp">
      <Filter>addons\ofxDomemaster\src</Filter>
    </ClCompile>
    <ClCompile Include="..\..\..\addons\ofxXboxController\src\ofxXboxController.cpp">
      <Filter>addons\ofxXboxController\src</Filter>
    </ClCompile>
    <ClCompile Include="src\pano.cpp">
      <Filter>src</Filter>
    </ClCompile>
  </ItemGroup>
  <ItemGroup>
    <Filter Include="src">
      <UniqueIdentifier>{d8376475-7454-4a24-b08a-aac121d3ad6f}</UniqueIdentifier>
    </Filter>
    <Filter Include="addons">
      <UniqueIdentifier>{71834F65-F3A9-211E-73B8-DC85}</UniqueIdentifier>
    </Filter>
    <Filter Include="addons\ofxThreadedImageLoader">
      <UniqueIdentifier>{4FCFBE74-4716-4092-C67F-91AE}</UniqueIdentifier>
    </Filter>
    <Filter Include="addons\ofxThreadedImageLoader\src">
      <UniqueIdentifier>{96E590A4-6AB6-FE3D-02EC-8D08}</UniqueIdentifier>
    </Filter>
    <Filter Include="addons\ofxDomemaster">
      <UniqueIdentifier>{13675628-1D9A-ECE0-6167-B4C7}</UniqueIdentifier>
    </Filter>
    <Filter Include="addons\ofxDomemaster\src">
      <UniqueIdentifier>{61C9FF5A-D381-C0E1-275A-24A4}</UniqueIdentifier>
    </Filter>
    <Filter Include="addons\ofxXboxController">
      <UniqueIdentifier>{742745E4-21FC-AB8B-06AA-7BD3}</UniqueIdentifier>
    </Filter>
    <Filter Include="addons\ofxXboxController\src">
      <UniqueIdentifier>{4E7060D2-5A0F-C8A6-F96F-18F2}</UniqueIdentifier>
    </Filter>
  </ItemGroup>
  <ItemGroup>
    <ClInclude Include="src\ofApp.h">
      <Filter>src</Filter>
    </ClInclude>
    <ClInclude Include="..\..\..\addons\ofxThreadedImageLoader\src\ofxThreadedImageLoader.h">
      <Filter>addons\ofxThreadedImageLoader\src</Filter>
    </ClInclude>
    <ClInclude Include="..\..\..\addons\ofxDomemaster\src\ofxDomemaster.h">
      <Filter>addons\ofxDomemaster\src</Filter>
    </ClInclude>
    <ClInclude Include="..\..\..\addons\ofxXboxController\src\ofxXboxController.h">
      <Filter>addons\ofxXboxController\src</Filter>
    </ClInclude>
    <ClInclude Include="src\pano.h">
      <Filter>src</Filter>
    </ClInclude>
  </ItemGroup>
  <ItemGroup>
    <ResourceCompile Include="icon.rc" />
  </ItemGroup>
</Project>